
Microsoft Visual Studio Solution File, Format Version 12.00
# Visual Studio Version 17
VisualStudioVersion = 17.14.36310.24 d17.14
MinimumVisualStudioVersion = 10.0.40219.1
Project("{FAE04EC0-301F-11D3-BF4B-00C04F79EFBC}") = "Recursividade", "Recursividade\Recursividade.csproj", "{F052143E-C8E5-4DDE-A30B-AF5D65C47615}"
EndProject
Global
	GlobalSection(SolutionConfigurationPlatforms) = preSolution
		Debug|Any CPU = Debug|Any CPU
		Release|Any CPU = Release|Any CPU
	EndGlobalSection
	GlobalSection(ProjectConfigurationPlatforms) = postSolution
		{F052143E-C8E5-4DDE-A30B-AF5D65C47615}.Debug|Any CPU.ActiveCfg = Debug|Any CPU
		{F052143E-C8E5-4DDE-A30B-AF5D65C47615}.Debug|Any CPU.Build.0 = Debug|Any CPU
		{F052143E-C8E5-4DDE-A30B-AF5D65C47615}.Release|Any CPU.ActiveCfg = Release|Any CPU
		{F052143E-C8E5-4DDE-A30B-AF5D65C47615}.Release|Any CPU.Build.0 = Release|Any CPU
	EndGlobalSection
	GlobalSection(SolutionProperties) = preSolution
		HideSolutionNode = FALSE
	EndGlobalSection
	GlobalSection(ExtensibilityGlobals) = postSolution
		SolutionGuid = {2C4CDDB2-8972-42C1-AACA-159DA3562C7D}
	EndGlobalSection
EndGlobal
