
Microsoft Visual Studio Solution File, Format Version 12.00
# Visual Studio Version 17
VisualStudioVersion = 17.14.36310.24 d17.14
MinimumVisualStudioVersion = 10.0.40219.1
Project("{FAE04EC0-301F-11D3-BF4B-00C04F79EFBC}") = "MyConsoleApp", "MyConsoleApp\MyConsoleApp.csproj", "{6BA09818-983C-479E-857A-8E7A34276792}"
EndProject
Global
	GlobalSection(SolutionConfigurationPlatforms) = preSolution
		Debug|Any CPU = Debug|Any CPU
		Release|Any CPU = Release|Any CPU
	EndGlobalSection
	GlobalSection(ProjectConfigurationPlatforms) = postSolution
		{6BA09818-983C-479E-857A-8E7A34276792}.Debug|Any CPU.ActiveCfg = Debug|Any CPU
		{6BA09818-983C-479E-857A-8E7A34276792}.Debug|Any CPU.Build.0 = Debug|Any CPU
		{6BA09818-983C-479E-857A-8E7A34276792}.Release|Any CPU.ActiveCfg = Release|Any CPU
		{6BA09818-983C-479E-857A-8E7A34276792}.Release|Any CPU.Build.0 = Release|Any CPU
	EndGlobalSection
	GlobalSection(SolutionProperties) = preSolution
		HideSolutionNode = FALSE
	EndGlobalSection
	GlobalSection(ExtensibilityGlobals) = postSolution
		SolutionGuid = {DF03D9C5-C01B-4C04-A670-E0CAEBE8379F}
	EndGlobalSection
EndGlobal
