
Microsoft Visual Studio Solution File, Format Version 12.00
# Visual Studio Version 17
VisualStudioVersion = 17.14.36310.24 d17.14
MinimumVisualStudioVersion = 10.0.40219.1
Project("{FAE04EC0-301F-11D3-BF4B-00C04F79EFBC}") = "Operadores", "Operadores\Operadores.csproj", "{1741EE4D-D184-421D-93EF-288DB8B4649E}"
EndProject
Global
	GlobalSection(SolutionConfigurationPlatforms) = preSolution
		Debug|Any CPU = Debug|Any CPU
		Release|Any CPU = Release|Any CPU
	EndGlobalSection
	GlobalSection(ProjectConfigurationPlatforms) = postSolution
		{1741EE4D-D184-421D-93EF-288DB8B4649E}.Debug|Any CPU.ActiveCfg = Debug|Any CPU
		{1741EE4D-D184-421D-93EF-288DB8B4649E}.Debug|Any CPU.Build.0 = Debug|Any CPU
		{1741EE4D-D184-421D-93EF-288DB8B4649E}.Release|Any CPU.ActiveCfg = Release|Any CPU
		{1741EE4D-D184-421D-93EF-288DB8B4649E}.Release|Any CPU.Build.0 = Release|Any CPU
	EndGlobalSection
	GlobalSection(SolutionProperties) = preSolution
		HideSolutionNode = FALSE
	EndGlobalSection
	GlobalSection(ExtensibilityGlobals) = postSolution
		SolutionGuid = {A5DB3A59-5EA3-4AD5-A400-27F7A0CE9516}
	EndGlobalSection
EndGlobal
