
Microsoft Visual Studio Solution File, Format Version 12.00
# Visual Studio Version 17
VisualStudioVersion = 17.14.36310.24 d17.14
MinimumVisualStudioVersion = 10.0.40219.1
Project("{FAE04EC0-301F-11D3-BF4B-00C04F79EFBC}") = "ManipularNumeros", "ManipularNumeros\ManipularNumeros.csproj", "{22D4D20C-D82A-4C6B-8DB9-8E8A1A13C458}"
EndProject
Global
	GlobalSection(SolutionConfigurationPlatforms) = preSolution
		Debug|Any CPU = Debug|Any CPU
		Release|Any CPU = Release|Any CPU
	EndGlobalSection
	GlobalSection(ProjectConfigurationPlatforms) = postSolution
		{22D4D20C-D82A-4C6B-8DB9-8E8A1A13C458}.Debug|Any CPU.ActiveCfg = Debug|Any CPU
		{22D4D20C-D82A-4C6B-8DB9-8E8A1A13C458}.Debug|Any CPU.Build.0 = Debug|Any CPU
		{22D4D20C-D82A-4C6B-8DB9-8E8A1A13C458}.Release|Any CPU.ActiveCfg = Release|Any CPU
		{22D4D20C-D82A-4C6B-8DB9-8E8A1A13C458}.Release|Any CPU.Build.0 = Release|Any CPU
	EndGlobalSection
	GlobalSection(SolutionProperties) = preSolution
		HideSolutionNode = FALSE
	EndGlobalSection
	GlobalSection(ExtensibilityGlobals) = postSolution
		SolutionGuid = {E94E240F-B240-4BFB-849C-98880D9E85C0}
	EndGlobalSection
EndGlobal
