
Microsoft Visual Studio Solution File, Format Version 12.00
# Visual Studio Version 17
VisualStudioVersion = 17.14.36310.24 d17.14
MinimumVisualStudioVersion = 10.0.40219.1
Project("{FAE04EC0-301F-11D3-BF4B-00C04F79EFBC}") = "ClassesImportantes", "ClassesImportantes\ClassesImportantes.csproj", "{15407353-C628-4C3D-AB65-DD1BB17E2A9D}"
EndProject
Project("{FAE04EC0-301F-11D3-BF4B-00C04F79EFBC}") = "ThreadConsole", "ThreadConsole\ThreadConsole.csproj", "{2CBECD22-D4A1-4AC2-957E-31A2442AF01D}"
EndProject
Project("{FAE04EC0-301F-11D3-BF4B-00C04F79EFBC}") = "ThreadsForms", "ThreadsForms\ThreadsForms.csproj", "{35FBB4A0-30C5-4B74-B743-42B7A525B47E}"
EndProject
Project("{FAE04EC0-301F-11D3-BF4B-00C04F79EFBC}") = "TaskConsole", "TaskConsole\TaskConsole.csproj", "{BCC1C055-0AB3-43FD-9EBB-280BB8DE8806}"
EndProject
Global
	GlobalSection(SolutionConfigurationPlatforms) = preSolution
		Debug|Any CPU = Debug|Any CPU
		Release|Any CPU = Release|Any CPU
	EndGlobalSection
	GlobalSection(ProjectConfigurationPlatforms) = postSolution
		{15407353-C628-4C3D-AB65-DD1BB17E2A9D}.Debug|Any CPU.ActiveCfg = Debug|Any CPU
		{15407353-C628-4C3D-AB65-DD1BB17E2A9D}.Debug|Any CPU.Build.0 = Debug|Any CPU
		{15407353-C628-4C3D-AB65-DD1BB17E2A9D}.Release|Any CPU.ActiveCfg = Release|Any CPU
		{15407353-C628-4C3D-AB65-DD1BB17E2A9D}.Release|Any CPU.Build.0 = Release|Any CPU
		{2CBECD22-D4A1-4AC2-957E-31A2442AF01D}.Debug|Any CPU.ActiveCfg = Debug|Any CPU
		{2CBECD22-D4A1-4AC2-957E-31A2442AF01D}.Debug|Any CPU.Build.0 = Debug|Any CPU
		{2CBECD22-D4A1-4AC2-957E-31A2442AF01D}.Release|Any CPU.ActiveCfg = Release|Any CPU
		{2CBECD22-D4A1-4AC2-957E-31A2442AF01D}.Release|Any CPU.Build.0 = Release|Any CPU
		{35FBB4A0-30C5-4B74-B743-42B7A525B47E}.Debug|Any CPU.ActiveCfg = Debug|Any CPU
		{35FBB4A0-30C5-4B74-B743-42B7A525B47E}.Debug|Any CPU.Build.0 = Debug|Any CPU
		{35FBB4A0-30C5-4B74-B743-42B7A525B47E}.Release|Any CPU.ActiveCfg = Release|Any CPU
		{35FBB4A0-30C5-4B74-B743-42B7A525B47E}.Release|Any CPU.Build.0 = Release|Any CPU
		{BCC1C055-0AB3-43FD-9EBB-280BB8DE8806}.Debug|Any CPU.ActiveCfg = Debug|Any CPU
		{BCC1C055-0AB3-43FD-9EBB-280BB8DE8806}.Debug|Any CPU.Build.0 = Debug|Any CPU
		{BCC1C055-0AB3-43FD-9EBB-280BB8DE8806}.Release|Any CPU.ActiveCfg = Release|Any CPU
		{BCC1C055-0AB3-43FD-9EBB-280BB8DE8806}.Release|Any CPU.Build.0 = Release|Any CPU
	EndGlobalSection
	GlobalSection(SolutionProperties) = preSolution
		HideSolutionNode = FALSE
	EndGlobalSection
	GlobalSection(ExtensibilityGlobals) = postSolution
		SolutionGuid = {A006BDB6-DAE5-4420-B6DD-C58D4BE1E73E}
	EndGlobalSection
EndGlobal
