
Microsoft Visual Studio Solution File, Format Version 12.00
# Visual Studio Version 17
VisualStudioVersion = 17.14.36310.24 d17.14
MinimumVisualStudioVersion = 10.0.40219.1
Project("{FAE04EC0-301F-11D3-BF4B-00C04F79EFBC}") = "ControleDeErros", "ControleDeErros\ControleDeErros.csproj", "{8024CF08-E52A-4930-8FFF-8CE73E41AFD4}"
EndProject
Global
	GlobalSection(SolutionConfigurationPlatforms) = preSolution
		Debug|Any CPU = Debug|Any CPU
		Release|Any CPU = Release|Any CPU
	EndGlobalSection
	GlobalSection(ProjectConfigurationPlatforms) = postSolution
		{8024CF08-E52A-4930-8FFF-8CE73E41AFD4}.Debug|Any CPU.ActiveCfg = Debug|Any CPU
		{8024CF08-E52A-4930-8FFF-8CE73E41AFD4}.Debug|Any CPU.Build.0 = Debug|Any CPU
		{8024CF08-E52A-4930-8FFF-8CE73E41AFD4}.Release|Any CPU.ActiveCfg = Release|Any CPU
		{8024CF08-E52A-4930-8FFF-8CE73E41AFD4}.Release|Any CPU.Build.0 = Release|Any CPU
	EndGlobalSection
	GlobalSection(SolutionProperties) = preSolution
		HideSolutionNode = FALSE
	EndGlobalSection
	GlobalSection(ExtensibilityGlobals) = postSolution
		SolutionGuid = {D3993733-C113-408F-95B7-561F97A200CE}
	EndGlobalSection
EndGlobal
