
Microsoft Visual Studio Solution File, Format Version 12.00
# Visual Studio Version 17
VisualStudioVersion = 17.14.36310.24
MinimumVisualStudioVersion = 10.0.40219.1
Project("{FAE04EC0-301F-11D3-BF4B-00C04F79EFBC}") = "ClassesObjetos", "ClassesObjetos\ClassesObjetos.csproj", "{EFB99603-B350-4C7F-89A4-E9979F2933CC}"
EndProject
Project("{FAE04EC0-301F-11D3-BF4B-00C04F79EFBC}") = "MetodosDasClasses", "MetodosDasClasses\MetodosDasClasses.csproj", "{0040BCAE-CF70-4FFB-A765-32BF21693BD3}"
EndProject
Project("{2150E333-8FDC-42A3-9474-1A3956D46DE8}") = "Solution Items", "Solution Items", "{02EA681E-C7D8-13C7-8484-4AC65E1B71E8}"
	ProjectSection(SolutionItems) = preProject
		.editorconfig = .editorconfig
	EndProjectSection
EndProject
Project("{FAE04EC0-301F-11D3-BF4B-00C04F79EFBC}") = "TermoThis", "TermoThis\TermoThis.csproj", "{526B1337-2C1B-4D12-9EB2-291C282B31E5}"
EndProject
Project("{FAE04EC0-301F-11D3-BF4B-00C04F79EFBC}") = "TipoDelegate", "TipoDelegate\TipoDelegate.csproj", "{DBCE1C62-2E2B-4A68-A5A3-B709D983CA49}"
EndProject
Project("{FAE04EC0-301F-11D3-BF4B-00C04F79EFBC}") = "MetodoConstrutor", "MetodoConstrutor\MetodoConstrutor.csproj", "{1DB19BD0-A36F-426D-8B6C-401174976B9D}"
EndProject
Project("{FAE04EC0-301F-11D3-BF4B-00C04F79EFBC}") = "Estaticas", "Estaticas\Estaticas.csproj", "{12C472C8-CD39-4C94-ACD6-43CD2589248C}"
EndProject
Project("{FAE04EC0-301F-11D3-BF4B-00C04F79EFBC}") = "Propriedades", "Propriedades\Propriedades.csproj", "{4CEC20F6-E538-4772-A8D5-976BE1B05559}"
EndProject
Project("{FAE04EC0-301F-11D3-BF4B-00C04F79EFBC}") = "Encapsular", "Encapsular\Encapsular.csproj", "{15DB90D0-2183-479C-95FD-A02E85125AC1}"
EndProject
Project("{FAE04EC0-301F-11D3-BF4B-00C04F79EFBC}") = "Heranca", "Heranca\Heranca.csproj", "{13628250-BDBE-4194-8363-178E233F87D4}"
EndProject
Project("{FAE04EC0-301F-11D3-BF4B-00C04F79EFBC}") = "Modificadores", "Modificadores\Modificadores.csproj", "{B78115BD-02D3-4075-82B7-7E1CAC7BB4B4}"
EndProject
Project("{FAE04EC0-301F-11D3-BF4B-00C04F79EFBC}") = "Polimorfismos", "Polimorfismos\Polimorfismos.csproj", "{2E932BB7-F069-484B-A032-07C3DDFE30E0}"
EndProject
Global
	GlobalSection(SolutionConfigurationPlatforms) = preSolution
		Debug|Any CPU = Debug|Any CPU
		Release|Any CPU = Release|Any CPU
	EndGlobalSection
	GlobalSection(ProjectConfigurationPlatforms) = postSolution
		{EFB99603-B350-4C7F-89A4-E9979F2933CC}.Debug|Any CPU.ActiveCfg = Debug|Any CPU
		{EFB99603-B350-4C7F-89A4-E9979F2933CC}.Debug|Any CPU.Build.0 = Debug|Any CPU
		{EFB99603-B350-4C7F-89A4-E9979F2933CC}.Release|Any CPU.ActiveCfg = Release|Any CPU
		{EFB99603-B350-4C7F-89A4-E9979F2933CC}.Release|Any CPU.Build.0 = Release|Any CPU
		{0040BCAE-CF70-4FFB-A765-32BF21693BD3}.Debug|Any CPU.ActiveCfg = Debug|Any CPU
		{0040BCAE-CF70-4FFB-A765-32BF21693BD3}.Debug|Any CPU.Build.0 = Debug|Any CPU
		{0040BCAE-CF70-4FFB-A765-32BF21693BD3}.Release|Any CPU.ActiveCfg = Release|Any CPU
		{0040BCAE-CF70-4FFB-A765-32BF21693BD3}.Release|Any CPU.Build.0 = Release|Any CPU
		{526B1337-2C1B-4D12-9EB2-291C282B31E5}.Debug|Any CPU.ActiveCfg = Debug|Any CPU
		{526B1337-2C1B-4D12-9EB2-291C282B31E5}.Debug|Any CPU.Build.0 = Debug|Any CPU
		{526B1337-2C1B-4D12-9EB2-291C282B31E5}.Release|Any CPU.ActiveCfg = Release|Any CPU
		{526B1337-2C1B-4D12-9EB2-291C282B31E5}.Release|Any CPU.Build.0 = Release|Any CPU
		{DBCE1C62-2E2B-4A68-A5A3-B709D983CA49}.Debug|Any CPU.ActiveCfg = Debug|Any CPU
		{DBCE1C62-2E2B-4A68-A5A3-B709D983CA49}.Debug|Any CPU.Build.0 = Debug|Any CPU
		{DBCE1C62-2E2B-4A68-A5A3-B709D983CA49}.Release|Any CPU.ActiveCfg = Release|Any CPU
		{DBCE1C62-2E2B-4A68-A5A3-B709D983CA49}.Release|Any CPU.Build.0 = Release|Any CPU
		{1DB19BD0-A36F-426D-8B6C-401174976B9D}.Debug|Any CPU.ActiveCfg = Debug|Any CPU
		{1DB19BD0-A36F-426D-8B6C-401174976B9D}.Debug|Any CPU.Build.0 = Debug|Any CPU
		{1DB19BD0-A36F-426D-8B6C-401174976B9D}.Release|Any CPU.ActiveCfg = Release|Any CPU
		{1DB19BD0-A36F-426D-8B6C-401174976B9D}.Release|Any CPU.Build.0 = Release|Any CPU
		{12C472C8-CD39-4C94-ACD6-43CD2589248C}.Debug|Any CPU.ActiveCfg = Debug|Any CPU
		{12C472C8-CD39-4C94-ACD6-43CD2589248C}.Debug|Any CPU.Build.0 = Debug|Any CPU
		{12C472C8-CD39-4C94-ACD6-43CD2589248C}.Release|Any CPU.ActiveCfg = Release|Any CPU
		{12C472C8-CD39-4C94-ACD6-43CD2589248C}.Release|Any CPU.Build.0 = Release|Any CPU
		{4CEC20F6-E538-4772-A8D5-976BE1B05559}.Debug|Any CPU.ActiveCfg = Debug|Any CPU
		{4CEC20F6-E538-4772-A8D5-976BE1B05559}.Debug|Any CPU.Build.0 = Debug|Any CPU
		{4CEC20F6-E538-4772-A8D5-976BE1B05559}.Release|Any CPU.ActiveCfg = Release|Any CPU
		{4CEC20F6-E538-4772-A8D5-976BE1B05559}.Release|Any CPU.Build.0 = Release|Any CPU
		{15DB90D0-2183-479C-95FD-A02E85125AC1}.Debug|Any CPU.ActiveCfg = Debug|Any CPU
		{15DB90D0-2183-479C-95FD-A02E85125AC1}.Debug|Any CPU.Build.0 = Debug|Any CPU
		{15DB90D0-2183-479C-95FD-A02E85125AC1}.Release|Any CPU.ActiveCfg = Release|Any CPU
		{15DB90D0-2183-479C-95FD-A02E85125AC1}.Release|Any CPU.Build.0 = Release|Any CPU
		{13628250-BDBE-4194-8363-178E233F87D4}.Debug|Any CPU.ActiveCfg = Debug|Any CPU
		{13628250-BDBE-4194-8363-178E233F87D4}.Debug|Any CPU.Build.0 = Debug|Any CPU
		{13628250-BDBE-4194-8363-178E233F87D4}.Release|Any CPU.ActiveCfg = Release|Any CPU
		{13628250-BDBE-4194-8363-178E233F87D4}.Release|Any CPU.Build.0 = Release|Any CPU
		{B78115BD-02D3-4075-82B7-7E1CAC7BB4B4}.Debug|Any CPU.ActiveCfg = Debug|Any CPU
		{B78115BD-02D3-4075-82B7-7E1CAC7BB4B4}.Debug|Any CPU.Build.0 = Debug|Any CPU
		{B78115BD-02D3-4075-82B7-7E1CAC7BB4B4}.Release|Any CPU.ActiveCfg = Release|Any CPU
		{B78115BD-02D3-4075-82B7-7E1CAC7BB4B4}.Release|Any CPU.Build.0 = Release|Any CPU
		{2E932BB7-F069-484B-A032-07C3DDFE30E0}.Debug|Any CPU.ActiveCfg = Debug|Any CPU
		{2E932BB7-F069-484B-A032-07C3DDFE30E0}.Debug|Any CPU.Build.0 = Debug|Any CPU
		{2E932BB7-F069-484B-A032-07C3DDFE30E0}.Release|Any CPU.ActiveCfg = Release|Any CPU
		{2E932BB7-F069-484B-A032-07C3DDFE30E0}.Release|Any CPU.Build.0 = Release|Any CPU
	EndGlobalSection
	GlobalSection(SolutionProperties) = preSolution
		HideSolutionNode = FALSE
	EndGlobalSection
	GlobalSection(ExtensibilityGlobals) = postSolution
		SolutionGuid = {747C2D39-F680-4ABC-BEB2-0AFA91B8068C}
	EndGlobalSection
EndGlobal
