
Microsoft Visual Studio Solution File, Format Version 12.00
# Visual Studio Version 17
VisualStudioVersion = 17.14.36310.24
MinimumVisualStudioVersion = 10.0.40219.1
Project("{FAE04EC0-301F-11D3-BF4B-00C04F79EFBC}") = "Imprimir", "Imprimir\Imprimir.csproj", "{7E189D1D-CF6E-432C-928B-146170146C6A}"
EndProject
Project("{FAE04EC0-301F-11D3-BF4B-00C04F79EFBC}") = "Operacoes", "Operacoes\Operacoes.csproj", "{5613E95C-9F26-4B9A-BF84-3301A603B8E1}"
EndProject
Global
	GlobalSection(SolutionConfigurationPlatforms) = preSolution
		Debug|Any CPU = Debug|Any CPU
		Release|Any CPU = Release|Any CPU
	EndGlobalSection
	GlobalSection(ProjectConfigurationPlatforms) = postSolution
		{7E189D1D-CF6E-432C-928B-146170146C6A}.Debug|Any CPU.ActiveCfg = Debug|Any CPU
		{7E189D1D-CF6E-432C-928B-146170146C6A}.Debug|Any CPU.Build.0 = Debug|Any CPU
		{7E189D1D-CF6E-432C-928B-146170146C6A}.Release|Any CPU.ActiveCfg = Release|Any CPU
		{7E189D1D-CF6E-432C-928B-146170146C6A}.Release|Any CPU.Build.0 = Release|Any CPU
		{5613E95C-9F26-4B9A-BF84-3301A603B8E1}.Debug|Any CPU.ActiveCfg = Debug|Any CPU
		{5613E95C-9F26-4B9A-BF84-3301A603B8E1}.Debug|Any CPU.Build.0 = Debug|Any CPU
		{5613E95C-9F26-4B9A-BF84-3301A603B8E1}.Release|Any CPU.ActiveCfg = Release|Any CPU
		{5613E95C-9F26-4B9A-BF84-3301A603B8E1}.Release|Any CPU.Build.0 = Release|Any CPU
	EndGlobalSection
	GlobalSection(SolutionProperties) = preSolution
		HideSolutionNode = FALSE
	EndGlobalSection
	GlobalSection(ExtensibilityGlobals) = postSolution
		SolutionGuid = {1F234D3A-8ADC-4A80-999C-1872E12EEF5E}
	EndGlobalSection
EndGlobal
